
Microsoft Visual Studio Solution File, Format Version 12.00
# Visual Studio Version 17
VisualStudioVersion = 17.6.33723.286
MinimumVisualStudioVersion = 10.0.40219.1
Project("{FAE04EC0-301F-11D3-BF4B-00C04F79EFBC}") = "PledgeVault.Core", "PledgeVault.Core\PledgeVault.Core.csproj", "{C6E05288-BCD5-4A1A-9CEE-BE22D02BB298}"
EndProject
Project("{FAE04EC0-301F-11D3-BF4B-00C04F79EFBC}") = "PledgeVault.Persistence", "PledgeVault.Persistence\PledgeVault.Persistence.csproj", "{2E98C6C5-8161-4437-B5DE-E55C0AE5C96C}"
EndProject
Project("{FAE04EC0-301F-11D3-BF4B-00C04F79EFBC}") = "PledgeVault.Api", "PledgeVault.Api\PledgeVault.Api.csproj", "{74474F04-CADD-445E-A3FF-C5CAB221B0CA}"
EndProject
Global
	GlobalSection(SolutionConfigurationPlatforms) = preSolution
		Debug|Any CPU = Debug|Any CPU
		Release|Any CPU = Release|Any CPU
	EndGlobalSection
	GlobalSection(ProjectConfigurationPlatforms) = postSolution
		{C6E05288-BCD5-4A1A-9CEE-BE22D02BB298}.Debug|Any CPU.ActiveCfg = Debug|Any CPU
		{C6E05288-BCD5-4A1A-9CEE-BE22D02BB298}.Debug|Any CPU.Build.0 = Debug|Any CPU
		{C6E05288-BCD5-4A1A-9CEE-BE22D02BB298}.Release|Any CPU.ActiveCfg = Release|Any CPU
		{C6E05288-BCD5-4A1A-9CEE-BE22D02BB298}.Release|Any CPU.Build.0 = Release|Any CPU
		{2E98C6C5-8161-4437-B5DE-E55C0AE5C96C}.Debug|Any CPU.ActiveCfg = Debug|Any CPU
		{2E98C6C5-8161-4437-B5DE-E55C0AE5C96C}.Debug|Any CPU.Build.0 = Debug|Any CPU
		{2E98C6C5-8161-4437-B5DE-E55C0AE5C96C}.Release|Any CPU.ActiveCfg = Release|Any CPU
		{2E98C6C5-8161-4437-B5DE-E55C0AE5C96C}.Release|Any CPU.Build.0 = Release|Any CPU
		{74474F04-CADD-445E-A3FF-C5CAB221B0CA}.Debug|Any CPU.ActiveCfg = Debug|Any CPU
		{74474F04-CADD-445E-A3FF-C5CAB221B0CA}.Debug|Any CPU.Build.0 = Debug|Any CPU
		{74474F04-CADD-445E-A3FF-C5CAB221B0CA}.Release|Any CPU.ActiveCfg = Release|Any CPU
		{74474F04-CADD-445E-A3FF-C5CAB221B0CA}.Release|Any CPU.Build.0 = Release|Any CPU
	EndGlobalSection
	GlobalSection(SolutionProperties) = preSolution
		HideSolutionNode = FALSE
	EndGlobalSection
	GlobalSection(ExtensibilityGlobals) = postSolution
		SolutionGuid = {3AB6345D-6B93-4A5C-ACD1-32A76793A430}
	EndGlobalSection
EndGlobal
